
Microsoft Visual Studio Solution File, Format Version 12.00
# Visual Studio 2013
VisualStudioVersion = 12.0.31101.0
MinimumVisualStudioVersion = 10.0.40219.1
Project("{FAE04EC0-301F-11D3-BF4B-00C04F79EFBC}") = "Font Viewer", "Font Viewer\Font Viewer.csproj", "{7C07632D-CD69-4B0F-99B5-62F5F40933D4}"
EndProject
Project("{FAE04EC0-301F-11D3-BF4B-00C04F79EFBC}") = "Test", "Test\Test.csproj", "{BD7AC671-562E-4969-A6D0-5D0806424CAA}"
EndProject
Project("{8BC9CEB8-8B4A-11D0-8D11-00A0C91BC942}") = "DirectWriteWrapper", "DirectWriteWrapper\DirectWriteWrapper.vcxproj", "{E6A69CF2-FFE3-4218-8C5C-70B25D20E3E2}"
EndProject
Project("{FAE04EC0-301F-11D3-BF4B-00C04F79EFBC}") = "GenerateFontList", "GenerateFontList\GenerateFontList.csproj", "{01CC6078-2857-4379-9BE5-4E9BD4F8C927}"
EndProject
Global
	GlobalSection(SolutionConfigurationPlatforms) = preSolution
		Debug|Any CPU = Debug|Any CPU
		Debug|ARM = Debug|ARM
		Debug|Mixed Platforms = Debug|Mixed Platforms
		Debug|Win32 = Debug|Win32
		Debug|x64 = Debug|x64
		Release|Any CPU = Release|Any CPU
		Release|ARM = Release|ARM
		Release|Mixed Platforms = Release|Mixed Platforms
		Release|Win32 = Release|Win32
		Release|x64 = Release|x64
	EndGlobalSection
	GlobalSection(ProjectConfigurationPlatforms) = postSolution
		{7C07632D-CD69-4B0F-99B5-62F5F40933D4}.Debug|Any CPU.ActiveCfg = Debug|Any CPU
		{7C07632D-CD69-4B0F-99B5-62F5F40933D4}.Debug|Any CPU.Build.0 = Debug|Any CPU
		{7C07632D-CD69-4B0F-99B5-62F5F40933D4}.Debug|ARM.ActiveCfg = Debug|Any CPU
		{7C07632D-CD69-4B0F-99B5-62F5F40933D4}.Debug|Mixed Platforms.ActiveCfg = Debug|Any CPU
		{7C07632D-CD69-4B0F-99B5-62F5F40933D4}.Debug|Mixed Platforms.Build.0 = Debug|Any CPU
		{7C07632D-CD69-4B0F-99B5-62F5F40933D4}.Debug|Win32.ActiveCfg = Debug|Any CPU
		{7C07632D-CD69-4B0F-99B5-62F5F40933D4}.Debug|x64.ActiveCfg = Debug|Any CPU
		{7C07632D-CD69-4B0F-99B5-62F5F40933D4}.Release|Any CPU.ActiveCfg = Release|Any CPU
		{7C07632D-CD69-4B0F-99B5-62F5F40933D4}.Release|Any CPU.Build.0 = Release|Any CPU
		{7C07632D-CD69-4B0F-99B5-62F5F40933D4}.Release|ARM.ActiveCfg = Release|Any CPU
		{7C07632D-CD69-4B0F-99B5-62F5F40933D4}.Release|Mixed Platforms.ActiveCfg = Release|Any CPU
		{7C07632D-CD69-4B0F-99B5-62F5F40933D4}.Release|Mixed Platforms.Build.0 = Release|Any CPU
		{7C07632D-CD69-4B0F-99B5-62F5F40933D4}.Release|Win32.ActiveCfg = Release|Any CPU
		{7C07632D-CD69-4B0F-99B5-62F5F40933D4}.Release|x64.ActiveCfg = Release|Any CPU
		{BD7AC671-562E-4969-A6D0-5D0806424CAA}.Debug|Any CPU.ActiveCfg = Debug|Any CPU
		{BD7AC671-562E-4969-A6D0-5D0806424CAA}.Debug|Any CPU.Build.0 = Debug|Any CPU
		{BD7AC671-562E-4969-A6D0-5D0806424CAA}.Debug|ARM.ActiveCfg = Debug|Any CPU
		{BD7AC671-562E-4969-A6D0-5D0806424CAA}.Debug|Mixed Platforms.ActiveCfg = Debug|Any CPU
		{BD7AC671-562E-4969-A6D0-5D0806424CAA}.Debug|Mixed Platforms.Build.0 = Debug|Any CPU
		{BD7AC671-562E-4969-A6D0-5D0806424CAA}.Debug|Win32.ActiveCfg = Debug|Any CPU
		{BD7AC671-562E-4969-A6D0-5D0806424CAA}.Debug|x64.ActiveCfg = Debug|Any CPU
		{BD7AC671-562E-4969-A6D0-5D0806424CAA}.Release|Any CPU.ActiveCfg = Release|Any CPU
		{BD7AC671-562E-4969-A6D0-5D0806424CAA}.Release|Any CPU.Build.0 = Release|Any CPU
		{BD7AC671-562E-4969-A6D0-5D0806424CAA}.Release|ARM.ActiveCfg = Release|Any CPU
		{BD7AC671-562E-4969-A6D0-5D0806424CAA}.Release|Mixed Platforms.ActiveCfg = Release|Any CPU
		{BD7AC671-562E-4969-A6D0-5D0806424CAA}.Release|Mixed Platforms.Build.0 = Release|Any CPU
		{BD7AC671-562E-4969-A6D0-5D0806424CAA}.Release|Win32.ActiveCfg = Release|Any CPU
		{BD7AC671-562E-4969-A6D0-5D0806424CAA}.Release|x64.ActiveCfg = Release|Any CPU
		{E6A69CF2-FFE3-4218-8C5C-70B25D20E3E2}.Debug|Any CPU.ActiveCfg = Debug|Win32
		{E6A69CF2-FFE3-4218-8C5C-70B25D20E3E2}.Debug|ARM.ActiveCfg = Debug|Win32
		{E6A69CF2-FFE3-4218-8C5C-70B25D20E3E2}.Debug|Mixed Platforms.ActiveCfg = Debug|Win32
		{E6A69CF2-FFE3-4218-8C5C-70B25D20E3E2}.Debug|Mixed Platforms.Build.0 = Debug|Win32
		{E6A69CF2-FFE3-4218-8C5C-70B25D20E3E2}.Debug|Win32.ActiveCfg = Debug|Win32
		{E6A69CF2-FFE3-4218-8C5C-70B25D20E3E2}.Debug|Win32.Build.0 = Debug|Win32
		{E6A69CF2-FFE3-4218-8C5C-70B25D20E3E2}.Debug|x64.ActiveCfg = Debug|Win32
		{E6A69CF2-FFE3-4218-8C5C-70B25D20E3E2}.Release|Any CPU.ActiveCfg = Release|Win32
		{E6A69CF2-FFE3-4218-8C5C-70B25D20E3E2}.Release|ARM.ActiveCfg = Release|Win32
		{E6A69CF2-FFE3-4218-8C5C-70B25D20E3E2}.Release|Mixed Platforms.ActiveCfg = Release|Win32
		{E6A69CF2-FFE3-4218-8C5C-70B25D20E3E2}.Release|Mixed Platforms.Build.0 = Release|Win32
		{E6A69CF2-FFE3-4218-8C5C-70B25D20E3E2}.Release|Win32.ActiveCfg = Release|Win32
		{E6A69CF2-FFE3-4218-8C5C-70B25D20E3E2}.Release|Win32.Build.0 = Release|Win32
		{E6A69CF2-FFE3-4218-8C5C-70B25D20E3E2}.Release|x64.ActiveCfg = Release|Win32
		{01CC6078-2857-4379-9BE5-4E9BD4F8C927}.Debug|Any CPU.ActiveCfg = Debug|Any CPU
		{01CC6078-2857-4379-9BE5-4E9BD4F8C927}.Debug|Any CPU.Build.0 = Debug|Any CPU
		{01CC6078-2857-4379-9BE5-4E9BD4F8C927}.Debug|ARM.ActiveCfg = Debug|Any CPU
		{01CC6078-2857-4379-9BE5-4E9BD4F8C927}.Debug|Mixed Platforms.ActiveCfg = Debug|Any CPU
		{01CC6078-2857-4379-9BE5-4E9BD4F8C927}.Debug|Mixed Platforms.Build.0 = Debug|Any CPU
		{01CC6078-2857-4379-9BE5-4E9BD4F8C927}.Debug|Win32.ActiveCfg = Debug|Any CPU
		{01CC6078-2857-4379-9BE5-4E9BD4F8C927}.Debug|x64.ActiveCfg = Debug|Any CPU
		{01CC6078-2857-4379-9BE5-4E9BD4F8C927}.Release|Any CPU.ActiveCfg = Release|Any CPU
		{01CC6078-2857-4379-9BE5-4E9BD4F8C927}.Release|Any CPU.Build.0 = Release|Any CPU
		{01CC6078-2857-4379-9BE5-4E9BD4F8C927}.Release|ARM.ActiveCfg = Release|Any CPU
		{01CC6078-2857-4379-9BE5-4E9BD4F8C927}.Release|Mixed Platforms.ActiveCfg = Release|Any CPU
		{01CC6078-2857-4379-9BE5-4E9BD4F8C927}.Release|Mixed Platforms.Build.0 = Release|Any CPU
		{01CC6078-2857-4379-9BE5-4E9BD4F8C927}.Release|Win32.ActiveCfg = Release|Any CPU
		{01CC6078-2857-4379-9BE5-4E9BD4F8C927}.Release|x64.ActiveCfg = Release|Any CPU
	EndGlobalSection
	GlobalSection(SolutionProperties) = preSolution
		HideSolutionNode = FALSE
	EndGlobalSection
EndGlobal
