
Microsoft Visual Studio Solution File, Format Version 12.00
# Visual Studio 2012
Project("{FAE04EC0-301F-11D3-BF4B-00C04F79EFBC}") = "The Matrix", "The Matrix\The Matrix.csproj", "{511DC968-CAEB-4D91-98A9-146A6D07F08B}"
EndProject
Global
	GlobalSection(SolutionConfigurationPlatforms) = preSolution
		Debug|Any CPU = Debug|Any CPU
		Release|Any CPU = Release|Any CPU
	EndGlobalSection
	GlobalSection(ProjectConfigurationPlatforms) = postSolution
		{511DC968-CAEB-4D91-98A9-146A6D07F08B}.Debug|Any CPU.ActiveCfg = Debug|Any CPU
		{511DC968-CAEB-4D91-98A9-146A6D07F08B}.Debug|Any CPU.Build.0 = Debug|Any CPU
		{511DC968-CAEB-4D91-98A9-146A6D07F08B}.Release|Any CPU.ActiveCfg = Release|Any CPU
		{511DC968-CAEB-4D91-98A9-146A6D07F08B}.Release|Any CPU.Build.0 = Release|Any CPU
	EndGlobalSection
	GlobalSection(SolutionProperties) = preSolution
		HideSolutionNode = FALSE
	EndGlobalSection
EndGlobal
