
Microsoft Visual Studio Solution File, Format Version 12.00
# Visual Studio 2012
Project("{FAE04EC0-301F-11D3-BF4B-00C04F79EFBC}") = "Image Match", "Image Match\Image Match.csproj", "{D33AA9E6-B003-4C30-B4C5-89927994DC40}"
EndProject
Global
	GlobalSection(SolutionConfigurationPlatforms) = preSolution
		Debug|x86 = Debug|x86
		Release|x86 = Release|x86
	EndGlobalSection
	GlobalSection(ProjectConfigurationPlatforms) = postSolution
		{D33AA9E6-B003-4C30-B4C5-89927994DC40}.Debug|x86.ActiveCfg = Debug|x86
		{D33AA9E6-B003-4C30-B4C5-89927994DC40}.Debug|x86.Build.0 = Debug|x86
		{D33AA9E6-B003-4C30-B4C5-89927994DC40}.Release|x86.ActiveCfg = Release|x86
		{D33AA9E6-B003-4C30-B4C5-89927994DC40}.Release|x86.Build.0 = Release|x86
	EndGlobalSection
	GlobalSection(SolutionProperties) = preSolution
		HideSolutionNode = FALSE
	EndGlobalSection
EndGlobal
