
Microsoft Visual Studio Solution File, Format Version 12.00
# Visual Studio 2013
VisualStudioVersion = 12.0.30723.0
MinimumVisualStudioVersion = 10.0.40219.1
Project("{8BC9CEB8-8B4A-11D0-8D11-00A0C91BC942}") = "Round A - A. Seven-segment Display", "Round A - A. Seven-segment Display\Round A - A. Seven-segment Display.vcxproj", "{B95C76FB-CE42-4893-975D-966588D553E7}"
EndProject
Project("{8BC9CEB8-8B4A-11D0-8D11-00A0C91BC942}") = "Round A - B. Super 2048", "Round A - B. Super 2048\Round A - B. Super 2048.vcxproj", "{FC62DD16-A082-4224-9947-788E3D6A84D9}"
EndProject
Project("{8BC9CEB8-8B4A-11D0-8D11-00A0C91BC942}") = "Round A - C. Addition", "Round A - C. Addition\Round A - C. Addition.vcxproj", "{3474143B-F19E-4158-82D6-730E15D0362F}"
EndProject
Project("{8BC9CEB8-8B4A-11D0-8D11-00A0C91BC942}") = "Round A - D. Cut Tiles", "Round A - D. Cut Tiles\Round A - D. Cut Tiles.vcxproj", "{57EFBE1C-EF57-4AF1-9F40-48E175F6311C}"
EndProject
Project("{8BC9CEB8-8B4A-11D0-8D11-00A0C91BC942}") = "Round B - A. Password Attacker", "Round B - A. Password Attacker\Round B - A. Password Attacker.vcxproj", "{213A5F2E-3081-43D0-BE66-CC02C237E6AB}"
EndProject
Project("{8BC9CEB8-8B4A-11D0-8D11-00A0C91BC942}") = "Round B - B. New Years Eve", "Round B - B. New Years Eve\Round B - B. New Years Eve.vcxproj", "{0982CF03-B555-4345-A448-442FC6500B0D}"
EndProject
Project("{8BC9CEB8-8B4A-11D0-8D11-00A0C91BC942}") = "Round B - C. Card Game", "Round B - C. Card Game\Round B - C. Card Game.vcxproj", "{B372CDCB-0ADF-4100-9587-4FAC9B29081A}"
EndProject
Project("{8BC9CEB8-8B4A-11D0-8D11-00A0C91BC942}") = "Round B - D. Parentheses Order", "Round B - D. Parentheses Order\Round B - D. Parentheses Order.vcxproj", "{69619867-1922-4158-91DA-BCB78D54F951}"
EndProject
Global
	GlobalSection(SolutionConfigurationPlatforms) = preSolution
		Debug|Win32 = Debug|Win32
		Release|Win32 = Release|Win32
	EndGlobalSection
	GlobalSection(ProjectConfigurationPlatforms) = postSolution
		{B95C76FB-CE42-4893-975D-966588D553E7}.Debug|Win32.ActiveCfg = Debug|Win32
		{B95C76FB-CE42-4893-975D-966588D553E7}.Debug|Win32.Build.0 = Debug|Win32
		{B95C76FB-CE42-4893-975D-966588D553E7}.Release|Win32.ActiveCfg = Release|Win32
		{B95C76FB-CE42-4893-975D-966588D553E7}.Release|Win32.Build.0 = Release|Win32
		{FC62DD16-A082-4224-9947-788E3D6A84D9}.Debug|Win32.ActiveCfg = Debug|Win32
		{FC62DD16-A082-4224-9947-788E3D6A84D9}.Debug|Win32.Build.0 = Debug|Win32
		{FC62DD16-A082-4224-9947-788E3D6A84D9}.Release|Win32.ActiveCfg = Release|Win32
		{FC62DD16-A082-4224-9947-788E3D6A84D9}.Release|Win32.Build.0 = Release|Win32
		{3474143B-F19E-4158-82D6-730E15D0362F}.Debug|Win32.ActiveCfg = Debug|Win32
		{3474143B-F19E-4158-82D6-730E15D0362F}.Debug|Win32.Build.0 = Debug|Win32
		{3474143B-F19E-4158-82D6-730E15D0362F}.Release|Win32.ActiveCfg = Release|Win32
		{3474143B-F19E-4158-82D6-730E15D0362F}.Release|Win32.Build.0 = Release|Win32
		{57EFBE1C-EF57-4AF1-9F40-48E175F6311C}.Debug|Win32.ActiveCfg = Debug|Win32
		{57EFBE1C-EF57-4AF1-9F40-48E175F6311C}.Debug|Win32.Build.0 = Debug|Win32
		{57EFBE1C-EF57-4AF1-9F40-48E175F6311C}.Release|Win32.ActiveCfg = Release|Win32
		{57EFBE1C-EF57-4AF1-9F40-48E175F6311C}.Release|Win32.Build.0 = Release|Win32
		{213A5F2E-3081-43D0-BE66-CC02C237E6AB}.Debug|Win32.ActiveCfg = Debug|Win32
		{213A5F2E-3081-43D0-BE66-CC02C237E6AB}.Debug|Win32.Build.0 = Debug|Win32
		{213A5F2E-3081-43D0-BE66-CC02C237E6AB}.Release|Win32.ActiveCfg = Release|Win32
		{213A5F2E-3081-43D0-BE66-CC02C237E6AB}.Release|Win32.Build.0 = Release|Win32
		{0982CF03-B555-4345-A448-442FC6500B0D}.Debug|Win32.ActiveCfg = Debug|Win32
		{0982CF03-B555-4345-A448-442FC6500B0D}.Debug|Win32.Build.0 = Debug|Win32
		{0982CF03-B555-4345-A448-442FC6500B0D}.Release|Win32.ActiveCfg = Release|Win32
		{0982CF03-B555-4345-A448-442FC6500B0D}.Release|Win32.Build.0 = Release|Win32
		{B372CDCB-0ADF-4100-9587-4FAC9B29081A}.Debug|Win32.ActiveCfg = Debug|Win32
		{B372CDCB-0ADF-4100-9587-4FAC9B29081A}.Debug|Win32.Build.0 = Debug|Win32
		{B372CDCB-0ADF-4100-9587-4FAC9B29081A}.Release|Win32.ActiveCfg = Release|Win32
		{B372CDCB-0ADF-4100-9587-4FAC9B29081A}.Release|Win32.Build.0 = Release|Win32
		{69619867-1922-4158-91DA-BCB78D54F951}.Debug|Win32.ActiveCfg = Debug|Win32
		{69619867-1922-4158-91DA-BCB78D54F951}.Debug|Win32.Build.0 = Debug|Win32
		{69619867-1922-4158-91DA-BCB78D54F951}.Release|Win32.ActiveCfg = Release|Win32
		{69619867-1922-4158-91DA-BCB78D54F951}.Release|Win32.Build.0 = Release|Win32
	EndGlobalSection
	GlobalSection(SolutionProperties) = preSolution
		HideSolutionNode = FALSE
	EndGlobalSection
EndGlobal
