
Microsoft Visual Studio Solution File, Format Version 12.00
# Visual Studio 2012
Project("{FAE04EC0-301F-11D3-BF4B-00C04F79EFBC}") = "Fix Font Registry", "Fix Font Registry\Fix Font Registry.csproj", "{823A9681-7D7E-45FC-A2AB-EC1207DD2E63}"
EndProject
Project("{FAE04EC0-301F-11D3-BF4B-00C04F79EFBC}") = "Check Font Registry", "Check Font Registry\Check Font Registry.csproj", "{DA8B6978-0C56-4F64-AB7A-6E576103CA36}"
EndProject
Global
	GlobalSection(SolutionConfigurationPlatforms) = preSolution
		Debug|Any CPU = Debug|Any CPU
		Release|Any CPU = Release|Any CPU
	EndGlobalSection
	GlobalSection(ProjectConfigurationPlatforms) = postSolution
		{823A9681-7D7E-45FC-A2AB-EC1207DD2E63}.Debug|Any CPU.ActiveCfg = Debug|Any CPU
		{823A9681-7D7E-45FC-A2AB-EC1207DD2E63}.Debug|Any CPU.Build.0 = Debug|Any CPU
		{823A9681-7D7E-45FC-A2AB-EC1207DD2E63}.Release|Any CPU.ActiveCfg = Release|Any CPU
		{823A9681-7D7E-45FC-A2AB-EC1207DD2E63}.Release|Any CPU.Build.0 = Release|Any CPU
		{DA8B6978-0C56-4F64-AB7A-6E576103CA36}.Debug|Any CPU.ActiveCfg = Debug|Any CPU
		{DA8B6978-0C56-4F64-AB7A-6E576103CA36}.Debug|Any CPU.Build.0 = Debug|Any CPU
		{DA8B6978-0C56-4F64-AB7A-6E576103CA36}.Release|Any CPU.ActiveCfg = Release|Any CPU
		{DA8B6978-0C56-4F64-AB7A-6E576103CA36}.Release|Any CPU.Build.0 = Release|Any CPU
	EndGlobalSection
	GlobalSection(SolutionProperties) = preSolution
		HideSolutionNode = FALSE
	EndGlobalSection
EndGlobal
