
Microsoft Visual Studio Solution File, Format Version 12.00
# Visual Studio 2013
VisualStudioVersion = 12.0.21005.1
MinimumVisualStudioVersion = 10.0.40219.1
Project("{2150E333-8FDC-42A3-9474-1A3956D46DE8}") = "C++", "C++", "{9D5C0AD9-BC29-4D63-9A86-62C7461EAF6D}"
EndProject
Project("{8BC9CEB8-8B4A-11D0-8D11-00A0C91BC942}") = "C++ Console", "C++ Console\C++ Console.vcxproj", "{AB9DFB9F-D8D1-4809-B6A4-075C78FF8F72}"
EndProject
Project("{8BC9CEB8-8B4A-11D0-8D11-00A0C91BC942}") = "C++ Win32", "C++ Win32\C++ Win32.vcxproj", "{EABDACE9-4CBD-4455-96FA-F1779F94C84C}"
EndProject
Global
	GlobalSection(SolutionConfigurationPlatforms) = preSolution
		Debug|Win32 = Debug|Win32
		Release|Win32 = Release|Win32
	EndGlobalSection
	GlobalSection(ProjectConfigurationPlatforms) = postSolution
		{AB9DFB9F-D8D1-4809-B6A4-075C78FF8F72}.Debug|Win32.ActiveCfg = Debug|Win32
		{AB9DFB9F-D8D1-4809-B6A4-075C78FF8F72}.Debug|Win32.Build.0 = Debug|Win32
		{AB9DFB9F-D8D1-4809-B6A4-075C78FF8F72}.Release|Win32.ActiveCfg = Release|Win32
		{AB9DFB9F-D8D1-4809-B6A4-075C78FF8F72}.Release|Win32.Build.0 = Release|Win32
		{EABDACE9-4CBD-4455-96FA-F1779F94C84C}.Debug|Win32.ActiveCfg = Debug|Win32
		{EABDACE9-4CBD-4455-96FA-F1779F94C84C}.Debug|Win32.Build.0 = Debug|Win32
		{EABDACE9-4CBD-4455-96FA-F1779F94C84C}.Release|Win32.ActiveCfg = Release|Win32
		{EABDACE9-4CBD-4455-96FA-F1779F94C84C}.Release|Win32.Build.0 = Release|Win32
	EndGlobalSection
	GlobalSection(SolutionProperties) = preSolution
		HideSolutionNode = FALSE
	EndGlobalSection
	GlobalSection(NestedProjects) = preSolution
		{AB9DFB9F-D8D1-4809-B6A4-075C78FF8F72} = {9D5C0AD9-BC29-4D63-9A86-62C7461EAF6D}
		{EABDACE9-4CBD-4455-96FA-F1779F94C84C} = {9D5C0AD9-BC29-4D63-9A86-62C7461EAF6D}
	EndGlobalSection
EndGlobal
