
Microsoft Visual Studio Solution File, Format Version 12.00
# Visual Studio 2012
Project("{FAE04EC0-301F-11D3-BF4B-00C04F79EFBC}") = "Gravity Distribution", "Gravity Distribution\Gravity Distribution.csproj", "{A5D1182D-83D5-47B4-B17E-6E05EB4A0184}"
EndProject
Global
	GlobalSection(SolutionConfigurationPlatforms) = preSolution
		Debug|Any CPU = Debug|Any CPU
		Release|Any CPU = Release|Any CPU
	EndGlobalSection
	GlobalSection(ProjectConfigurationPlatforms) = postSolution
		{A5D1182D-83D5-47B4-B17E-6E05EB4A0184}.Debug|Any CPU.ActiveCfg = Debug|Any CPU
		{A5D1182D-83D5-47B4-B17E-6E05EB4A0184}.Debug|Any CPU.Build.0 = Debug|Any CPU
		{A5D1182D-83D5-47B4-B17E-6E05EB4A0184}.Release|Any CPU.ActiveCfg = Release|Any CPU
		{A5D1182D-83D5-47B4-B17E-6E05EB4A0184}.Release|Any CPU.Build.0 = Release|Any CPU
	EndGlobalSection
	GlobalSection(SolutionProperties) = preSolution
		HideSolutionNode = FALSE
	EndGlobalSection
EndGlobal
