
Microsoft Visual Studio Solution File, Format Version 12.00
# Visual Studio 2012
Project("{FAE04EC0-301F-11D3-BF4B-00C04F79EFBC}") = "N-Body", "N-Body\N-Body.csproj", "{E42EFB90-5770-42CC-BFC7-6FFFA02427C9}"
EndProject
Global
	GlobalSection(SolutionConfigurationPlatforms) = preSolution
		Debug|Any CPU = Debug|Any CPU
		Release|Any CPU = Release|Any CPU
	EndGlobalSection
	GlobalSection(ProjectConfigurationPlatforms) = postSolution
		{E42EFB90-5770-42CC-BFC7-6FFFA02427C9}.Debug|Any CPU.ActiveCfg = Debug|Any CPU
		{E42EFB90-5770-42CC-BFC7-6FFFA02427C9}.Debug|Any CPU.Build.0 = Debug|Any CPU
		{E42EFB90-5770-42CC-BFC7-6FFFA02427C9}.Release|Any CPU.ActiveCfg = Release|Any CPU
		{E42EFB90-5770-42CC-BFC7-6FFFA02427C9}.Release|Any CPU.Build.0 = Release|Any CPU
	EndGlobalSection
	GlobalSection(SolutionProperties) = preSolution
		HideSolutionNode = FALSE
	EndGlobalSection
EndGlobal
