
Microsoft Visual Studio Solution File, Format Version 12.00
# Visual Studio 14
VisualStudioVersion = 14.0.24720.0
MinimumVisualStudioVersion = 10.0.40219.1
Project("{FAE04EC0-301F-11D3-BF4B-00C04F79EFBC}") = "Color Picker", "Color Picker\Color Picker.csproj", "{D00E126E-D606-4E0F-B35F-954D04F70566}"
EndProject
Project("{FAE04EC0-301F-11D3-BF4B-00C04F79EFBC}") = "Test", "Test\Test.csproj", "{580A1EA6-E224-4027-B334-CAC3F6C8CE17}"
EndProject
Project("{FAE04EC0-301F-11D3-BF4B-00C04F79EFBC}") = "Another Test", "Another Test\Another Test.csproj", "{04003959-2635-4FBD-8945-1F3DADFB69CD}"
EndProject
Project("{8BC9CEB8-8B4A-11D0-8D11-00A0C91BC942}") = "C++ Test", "C++ Test\C++ Test.vcxproj", "{18916F63-EAEF-49B0-A83F-B4D1F2D9C462}"
EndProject
Project("{FAE04EC0-301F-11D3-BF4B-00C04F79EFBC}") = "Color Space", "Color Space\Color Space.csproj", "{7B518857-6FA8-4DE1-B618-CB06E0E759F8}"
EndProject
Project("{D954291E-2A0B-460D-934E-DC6B0785DB48}") = "Color Space.Common", "Color Space.Common\Color Space.Common.shproj", "{E5371E95-0927-4467-A6ED-E0C9A334E5EC}"
EndProject
Project("{FAE04EC0-301F-11D3-BF4B-00C04F79EFBC}") = "Calculate RGB Points", "Calculate RGB Points\Calculate RGB Points.csproj", "{E8CF2595-259F-4D39-8120-B914258A84DB}"
EndProject
Project("{FAE04EC0-301F-11D3-BF4B-00C04F79EFBC}") = "Generate Y Planes", "Generate Y Planes\Generate Y Planes.csproj", "{DACB9A92-6FA6-4255-ACC3-5D6477AFF7C3}"
EndProject
Project("{FAE04EC0-301F-11D3-BF4B-00C04F79EFBC}") = "Generate Rainbow", "Generate Rainbow\Generate Rainbow.csproj", "{312FDBDF-5B72-4FA6-9961-DF7189C85E8C}"
EndProject
Project("{FAE04EC0-301F-11D3-BF4B-00C04F79EFBC}") = "Search Colors", "Search Colors\Search Colors.csproj", "{ED8A7581-59FD-4DD7-B5F7-54A6CD409F10}"
EndProject
Project("{FAE04EC0-301F-11D3-BF4B-00C04F79EFBC}") = "Generate Gamut Outline", "Generate Gamut Outline\Generate Gamut Outline.csproj", "{29B59306-7239-4632-A566-24F91B5FF1D8}"
EndProject
Project("{FAE04EC0-301F-11D3-BF4B-00C04F79EFBC}") = "Generate Saturation Planes", "Generate Saturation Planes\Generate Saturation Planes.csproj", "{6763DDFB-586A-4BCF-93D9-54E65FD9FFC5}"
EndProject
Project("{FAE04EC0-301F-11D3-BF4B-00C04F79EFBC}") = "Sort Colors", "Sort Colors\Sort Colors.csproj", "{D3D28C09-F89E-4B64-9235-878E2BEE7B43}"
EndProject
Global
	GlobalSection(SharedMSBuildProjectFiles) = preSolution
		Color Space.Common\Color Space.Common.projitems*{d3d28c09-f89e-4b64-9235-878e2bee7b43}*SharedItemsImports = 4
		Color Space.Common\Color Space.Common.projitems*{312fdbdf-5b72-4fa6-9961-df7189c85e8c}*SharedItemsImports = 4
		Color Space.Common\Color Space.Common.projitems*{dacb9a92-6fa6-4255-acc3-5d6477aff7c3}*SharedItemsImports = 4
		Color Space.Common\Color Space.Common.projitems*{e5371e95-0927-4467-a6ed-e0c9a334e5ec}*SharedItemsImports = 13
		Color Space.Common\Color Space.Common.projitems*{6763ddfb-586a-4bcf-93d9-54e65fd9ffc5}*SharedItemsImports = 4
		Color Space.Common\Color Space.Common.projitems*{e8cf2595-259f-4d39-8120-b914258a84db}*SharedItemsImports = 4
		Color Space.Common\Color Space.Common.projitems*{29b59306-7239-4632-a566-24f91b5ff1d8}*SharedItemsImports = 4
	EndGlobalSection
	GlobalSection(SolutionConfigurationPlatforms) = preSolution
		Debug|Any CPU = Debug|Any CPU
		Debug|x64 = Debug|x64
		Debug|x86 = Debug|x86
		Release|Any CPU = Release|Any CPU
		Release|x64 = Release|x64
		Release|x86 = Release|x86
	EndGlobalSection
	GlobalSection(ProjectConfigurationPlatforms) = postSolution
		{D00E126E-D606-4E0F-B35F-954D04F70566}.Debug|Any CPU.ActiveCfg = Release|Any CPU
		{D00E126E-D606-4E0F-B35F-954D04F70566}.Debug|Any CPU.Build.0 = Release|Any CPU
		{D00E126E-D606-4E0F-B35F-954D04F70566}.Debug|x64.ActiveCfg = Release|Any CPU
		{D00E126E-D606-4E0F-B35F-954D04F70566}.Debug|x64.Build.0 = Release|Any CPU
		{D00E126E-D606-4E0F-B35F-954D04F70566}.Debug|x86.ActiveCfg = Release|Any CPU
		{D00E126E-D606-4E0F-B35F-954D04F70566}.Debug|x86.Build.0 = Release|Any CPU
		{D00E126E-D606-4E0F-B35F-954D04F70566}.Release|Any CPU.ActiveCfg = Release|Any CPU
		{D00E126E-D606-4E0F-B35F-954D04F70566}.Release|Any CPU.Build.0 = Release|Any CPU
		{D00E126E-D606-4E0F-B35F-954D04F70566}.Release|x64.ActiveCfg = Release|Any CPU
		{D00E126E-D606-4E0F-B35F-954D04F70566}.Release|x64.Build.0 = Release|Any CPU
		{D00E126E-D606-4E0F-B35F-954D04F70566}.Release|x86.ActiveCfg = Release|Any CPU
		{D00E126E-D606-4E0F-B35F-954D04F70566}.Release|x86.Build.0 = Release|Any CPU
		{580A1EA6-E224-4027-B334-CAC3F6C8CE17}.Debug|Any CPU.ActiveCfg = Release|Any CPU
		{580A1EA6-E224-4027-B334-CAC3F6C8CE17}.Debug|Any CPU.Build.0 = Release|Any CPU
		{580A1EA6-E224-4027-B334-CAC3F6C8CE17}.Debug|x64.ActiveCfg = Release|Any CPU
		{580A1EA6-E224-4027-B334-CAC3F6C8CE17}.Debug|x64.Build.0 = Release|Any CPU
		{580A1EA6-E224-4027-B334-CAC3F6C8CE17}.Debug|x86.ActiveCfg = Release|Any CPU
		{580A1EA6-E224-4027-B334-CAC3F6C8CE17}.Debug|x86.Build.0 = Release|Any CPU
		{580A1EA6-E224-4027-B334-CAC3F6C8CE17}.Release|Any CPU.ActiveCfg = Release|Any CPU
		{580A1EA6-E224-4027-B334-CAC3F6C8CE17}.Release|Any CPU.Build.0 = Release|Any CPU
		{580A1EA6-E224-4027-B334-CAC3F6C8CE17}.Release|x64.ActiveCfg = Release|Any CPU
		{580A1EA6-E224-4027-B334-CAC3F6C8CE17}.Release|x64.Build.0 = Release|Any CPU
		{580A1EA6-E224-4027-B334-CAC3F6C8CE17}.Release|x86.ActiveCfg = Release|Any CPU
		{580A1EA6-E224-4027-B334-CAC3F6C8CE17}.Release|x86.Build.0 = Release|Any CPU
		{04003959-2635-4FBD-8945-1F3DADFB69CD}.Debug|Any CPU.ActiveCfg = Release|Any CPU
		{04003959-2635-4FBD-8945-1F3DADFB69CD}.Debug|Any CPU.Build.0 = Release|Any CPU
		{04003959-2635-4FBD-8945-1F3DADFB69CD}.Debug|x64.ActiveCfg = Release|Any CPU
		{04003959-2635-4FBD-8945-1F3DADFB69CD}.Debug|x64.Build.0 = Release|Any CPU
		{04003959-2635-4FBD-8945-1F3DADFB69CD}.Debug|x86.ActiveCfg = Release|Any CPU
		{04003959-2635-4FBD-8945-1F3DADFB69CD}.Debug|x86.Build.0 = Release|Any CPU
		{04003959-2635-4FBD-8945-1F3DADFB69CD}.Release|Any CPU.ActiveCfg = Release|Any CPU
		{04003959-2635-4FBD-8945-1F3DADFB69CD}.Release|Any CPU.Build.0 = Release|Any CPU
		{04003959-2635-4FBD-8945-1F3DADFB69CD}.Release|x64.ActiveCfg = Release|Any CPU
		{04003959-2635-4FBD-8945-1F3DADFB69CD}.Release|x64.Build.0 = Release|Any CPU
		{04003959-2635-4FBD-8945-1F3DADFB69CD}.Release|x86.ActiveCfg = Release|Any CPU
		{04003959-2635-4FBD-8945-1F3DADFB69CD}.Release|x86.Build.0 = Release|Any CPU
		{18916F63-EAEF-49B0-A83F-B4D1F2D9C462}.Debug|Any CPU.ActiveCfg = Release|Win32
		{18916F63-EAEF-49B0-A83F-B4D1F2D9C462}.Debug|Any CPU.Build.0 = Release|Win32
		{18916F63-EAEF-49B0-A83F-B4D1F2D9C462}.Debug|x64.ActiveCfg = Release|Win32
		{18916F63-EAEF-49B0-A83F-B4D1F2D9C462}.Debug|x64.Build.0 = Release|Win32
		{18916F63-EAEF-49B0-A83F-B4D1F2D9C462}.Debug|x86.ActiveCfg = Release|Win32
		{18916F63-EAEF-49B0-A83F-B4D1F2D9C462}.Debug|x86.Build.0 = Release|Win32
		{18916F63-EAEF-49B0-A83F-B4D1F2D9C462}.Release|Any CPU.ActiveCfg = Release|Win32
		{18916F63-EAEF-49B0-A83F-B4D1F2D9C462}.Release|Any CPU.Build.0 = Release|Win32
		{18916F63-EAEF-49B0-A83F-B4D1F2D9C462}.Release|x64.ActiveCfg = Release|Win32
		{18916F63-EAEF-49B0-A83F-B4D1F2D9C462}.Release|x64.Build.0 = Release|Win32
		{18916F63-EAEF-49B0-A83F-B4D1F2D9C462}.Release|x86.ActiveCfg = Release|Win32
		{18916F63-EAEF-49B0-A83F-B4D1F2D9C462}.Release|x86.Build.0 = Release|Win32
		{7B518857-6FA8-4DE1-B618-CB06E0E759F8}.Debug|Any CPU.ActiveCfg = Debug|Any CPU
		{7B518857-6FA8-4DE1-B618-CB06E0E759F8}.Debug|Any CPU.Build.0 = Debug|Any CPU
		{7B518857-6FA8-4DE1-B618-CB06E0E759F8}.Debug|x64.ActiveCfg = Debug|Any CPU
		{7B518857-6FA8-4DE1-B618-CB06E0E759F8}.Debug|x64.Build.0 = Debug|Any CPU
		{7B518857-6FA8-4DE1-B618-CB06E0E759F8}.Debug|x86.ActiveCfg = Debug|Any CPU
		{7B518857-6FA8-4DE1-B618-CB06E0E759F8}.Debug|x86.Build.0 = Debug|Any CPU
		{7B518857-6FA8-4DE1-B618-CB06E0E759F8}.Release|Any CPU.ActiveCfg = Release|Any CPU
		{7B518857-6FA8-4DE1-B618-CB06E0E759F8}.Release|Any CPU.Build.0 = Release|Any CPU
		{7B518857-6FA8-4DE1-B618-CB06E0E759F8}.Release|x64.ActiveCfg = Release|Any CPU
		{7B518857-6FA8-4DE1-B618-CB06E0E759F8}.Release|x64.Build.0 = Release|Any CPU
		{7B518857-6FA8-4DE1-B618-CB06E0E759F8}.Release|x86.ActiveCfg = Release|Any CPU
		{7B518857-6FA8-4DE1-B618-CB06E0E759F8}.Release|x86.Build.0 = Release|Any CPU
		{E8CF2595-259F-4D39-8120-B914258A84DB}.Debug|Any CPU.ActiveCfg = Debug|Any CPU
		{E8CF2595-259F-4D39-8120-B914258A84DB}.Debug|Any CPU.Build.0 = Debug|Any CPU
		{E8CF2595-259F-4D39-8120-B914258A84DB}.Debug|x64.ActiveCfg = Debug|Any CPU
		{E8CF2595-259F-4D39-8120-B914258A84DB}.Debug|x64.Build.0 = Debug|Any CPU
		{E8CF2595-259F-4D39-8120-B914258A84DB}.Debug|x86.ActiveCfg = Debug|Any CPU
		{E8CF2595-259F-4D39-8120-B914258A84DB}.Debug|x86.Build.0 = Debug|Any CPU
		{E8CF2595-259F-4D39-8120-B914258A84DB}.Release|Any CPU.ActiveCfg = Release|Any CPU
		{E8CF2595-259F-4D39-8120-B914258A84DB}.Release|Any CPU.Build.0 = Release|Any CPU
		{E8CF2595-259F-4D39-8120-B914258A84DB}.Release|x64.ActiveCfg = Release|Any CPU
		{E8CF2595-259F-4D39-8120-B914258A84DB}.Release|x64.Build.0 = Release|Any CPU
		{E8CF2595-259F-4D39-8120-B914258A84DB}.Release|x86.ActiveCfg = Release|Any CPU
		{E8CF2595-259F-4D39-8120-B914258A84DB}.Release|x86.Build.0 = Release|Any CPU
		{DACB9A92-6FA6-4255-ACC3-5D6477AFF7C3}.Debug|Any CPU.ActiveCfg = Debug|Any CPU
		{DACB9A92-6FA6-4255-ACC3-5D6477AFF7C3}.Debug|Any CPU.Build.0 = Debug|Any CPU
		{DACB9A92-6FA6-4255-ACC3-5D6477AFF7C3}.Debug|x64.ActiveCfg = Debug|Any CPU
		{DACB9A92-6FA6-4255-ACC3-5D6477AFF7C3}.Debug|x64.Build.0 = Debug|Any CPU
		{DACB9A92-6FA6-4255-ACC3-5D6477AFF7C3}.Debug|x86.ActiveCfg = Debug|Any CPU
		{DACB9A92-6FA6-4255-ACC3-5D6477AFF7C3}.Debug|x86.Build.0 = Debug|Any CPU
		{DACB9A92-6FA6-4255-ACC3-5D6477AFF7C3}.Release|Any CPU.ActiveCfg = Release|Any CPU
		{DACB9A92-6FA6-4255-ACC3-5D6477AFF7C3}.Release|Any CPU.Build.0 = Release|Any CPU
		{DACB9A92-6FA6-4255-ACC3-5D6477AFF7C3}.Release|x64.ActiveCfg = Release|Any CPU
		{DACB9A92-6FA6-4255-ACC3-5D6477AFF7C3}.Release|x64.Build.0 = Release|Any CPU
		{DACB9A92-6FA6-4255-ACC3-5D6477AFF7C3}.Release|x86.ActiveCfg = Release|Any CPU
		{DACB9A92-6FA6-4255-ACC3-5D6477AFF7C3}.Release|x86.Build.0 = Release|Any CPU
		{312FDBDF-5B72-4FA6-9961-DF7189C85E8C}.Debug|Any CPU.ActiveCfg = Debug|Any CPU
		{312FDBDF-5B72-4FA6-9961-DF7189C85E8C}.Debug|Any CPU.Build.0 = Debug|Any CPU
		{312FDBDF-5B72-4FA6-9961-DF7189C85E8C}.Debug|x64.ActiveCfg = Debug|Any CPU
		{312FDBDF-5B72-4FA6-9961-DF7189C85E8C}.Debug|x64.Build.0 = Debug|Any CPU
		{312FDBDF-5B72-4FA6-9961-DF7189C85E8C}.Debug|x86.ActiveCfg = Debug|Any CPU
		{312FDBDF-5B72-4FA6-9961-DF7189C85E8C}.Debug|x86.Build.0 = Debug|Any CPU
		{312FDBDF-5B72-4FA6-9961-DF7189C85E8C}.Release|Any CPU.ActiveCfg = Release|Any CPU
		{312FDBDF-5B72-4FA6-9961-DF7189C85E8C}.Release|Any CPU.Build.0 = Release|Any CPU
		{312FDBDF-5B72-4FA6-9961-DF7189C85E8C}.Release|x64.ActiveCfg = Release|Any CPU
		{312FDBDF-5B72-4FA6-9961-DF7189C85E8C}.Release|x64.Build.0 = Release|Any CPU
		{312FDBDF-5B72-4FA6-9961-DF7189C85E8C}.Release|x86.ActiveCfg = Release|Any CPU
		{312FDBDF-5B72-4FA6-9961-DF7189C85E8C}.Release|x86.Build.0 = Release|Any CPU
		{ED8A7581-59FD-4DD7-B5F7-54A6CD409F10}.Debug|Any CPU.ActiveCfg = Debug|Any CPU
		{ED8A7581-59FD-4DD7-B5F7-54A6CD409F10}.Debug|Any CPU.Build.0 = Debug|Any CPU
		{ED8A7581-59FD-4DD7-B5F7-54A6CD409F10}.Debug|x64.ActiveCfg = Debug|Any CPU
		{ED8A7581-59FD-4DD7-B5F7-54A6CD409F10}.Debug|x64.Build.0 = Debug|Any CPU
		{ED8A7581-59FD-4DD7-B5F7-54A6CD409F10}.Debug|x86.ActiveCfg = Debug|Any CPU
		{ED8A7581-59FD-4DD7-B5F7-54A6CD409F10}.Debug|x86.Build.0 = Debug|Any CPU
		{ED8A7581-59FD-4DD7-B5F7-54A6CD409F10}.Release|Any CPU.ActiveCfg = Release|Any CPU
		{ED8A7581-59FD-4DD7-B5F7-54A6CD409F10}.Release|Any CPU.Build.0 = Release|Any CPU
		{ED8A7581-59FD-4DD7-B5F7-54A6CD409F10}.Release|x64.ActiveCfg = Release|Any CPU
		{ED8A7581-59FD-4DD7-B5F7-54A6CD409F10}.Release|x64.Build.0 = Release|Any CPU
		{ED8A7581-59FD-4DD7-B5F7-54A6CD409F10}.Release|x86.ActiveCfg = Release|Any CPU
		{ED8A7581-59FD-4DD7-B5F7-54A6CD409F10}.Release|x86.Build.0 = Release|Any CPU
		{29B59306-7239-4632-A566-24F91B5FF1D8}.Debug|Any CPU.ActiveCfg = Debug|Any CPU
		{29B59306-7239-4632-A566-24F91B5FF1D8}.Debug|Any CPU.Build.0 = Debug|Any CPU
		{29B59306-7239-4632-A566-24F91B5FF1D8}.Debug|x64.ActiveCfg = Debug|Any CPU
		{29B59306-7239-4632-A566-24F91B5FF1D8}.Debug|x64.Build.0 = Debug|Any CPU
		{29B59306-7239-4632-A566-24F91B5FF1D8}.Debug|x86.ActiveCfg = Debug|Any CPU
		{29B59306-7239-4632-A566-24F91B5FF1D8}.Debug|x86.Build.0 = Debug|Any CPU
		{29B59306-7239-4632-A566-24F91B5FF1D8}.Release|Any CPU.ActiveCfg = Release|Any CPU
		{29B59306-7239-4632-A566-24F91B5FF1D8}.Release|Any CPU.Build.0 = Release|Any CPU
		{29B59306-7239-4632-A566-24F91B5FF1D8}.Release|x64.ActiveCfg = Release|Any CPU
		{29B59306-7239-4632-A566-24F91B5FF1D8}.Release|x64.Build.0 = Release|Any CPU
		{29B59306-7239-4632-A566-24F91B5FF1D8}.Release|x86.ActiveCfg = Release|Any CPU
		{29B59306-7239-4632-A566-24F91B5FF1D8}.Release|x86.Build.0 = Release|Any CPU
		{6763DDFB-586A-4BCF-93D9-54E65FD9FFC5}.Debug|Any CPU.ActiveCfg = Debug|Any CPU
		{6763DDFB-586A-4BCF-93D9-54E65FD9FFC5}.Debug|Any CPU.Build.0 = Debug|Any CPU
		{6763DDFB-586A-4BCF-93D9-54E65FD9FFC5}.Debug|x64.ActiveCfg = Debug|Any CPU
		{6763DDFB-586A-4BCF-93D9-54E65FD9FFC5}.Debug|x64.Build.0 = Debug|Any CPU
		{6763DDFB-586A-4BCF-93D9-54E65FD9FFC5}.Debug|x86.ActiveCfg = Debug|Any CPU
		{6763DDFB-586A-4BCF-93D9-54E65FD9FFC5}.Debug|x86.Build.0 = Debug|Any CPU
		{6763DDFB-586A-4BCF-93D9-54E65FD9FFC5}.Release|Any CPU.ActiveCfg = Release|Any CPU
		{6763DDFB-586A-4BCF-93D9-54E65FD9FFC5}.Release|Any CPU.Build.0 = Release|Any CPU
		{6763DDFB-586A-4BCF-93D9-54E65FD9FFC5}.Release|x64.ActiveCfg = Release|Any CPU
		{6763DDFB-586A-4BCF-93D9-54E65FD9FFC5}.Release|x64.Build.0 = Release|Any CPU
		{6763DDFB-586A-4BCF-93D9-54E65FD9FFC5}.Release|x86.ActiveCfg = Release|Any CPU
		{6763DDFB-586A-4BCF-93D9-54E65FD9FFC5}.Release|x86.Build.0 = Release|Any CPU
		{D3D28C09-F89E-4B64-9235-878E2BEE7B43}.Debug|Any CPU.ActiveCfg = Debug|Any CPU
		{D3D28C09-F89E-4B64-9235-878E2BEE7B43}.Debug|Any CPU.Build.0 = Debug|Any CPU
		{D3D28C09-F89E-4B64-9235-878E2BEE7B43}.Debug|x64.ActiveCfg = Debug|Any CPU
		{D3D28C09-F89E-4B64-9235-878E2BEE7B43}.Debug|x64.Build.0 = Debug|Any CPU
		{D3D28C09-F89E-4B64-9235-878E2BEE7B43}.Debug|x86.ActiveCfg = Debug|Any CPU
		{D3D28C09-F89E-4B64-9235-878E2BEE7B43}.Debug|x86.Build.0 = Debug|Any CPU
		{D3D28C09-F89E-4B64-9235-878E2BEE7B43}.Release|Any CPU.ActiveCfg = Release|Any CPU
		{D3D28C09-F89E-4B64-9235-878E2BEE7B43}.Release|Any CPU.Build.0 = Release|Any CPU
		{D3D28C09-F89E-4B64-9235-878E2BEE7B43}.Release|x64.ActiveCfg = Release|Any CPU
		{D3D28C09-F89E-4B64-9235-878E2BEE7B43}.Release|x64.Build.0 = Release|Any CPU
		{D3D28C09-F89E-4B64-9235-878E2BEE7B43}.Release|x86.ActiveCfg = Release|Any CPU
		{D3D28C09-F89E-4B64-9235-878E2BEE7B43}.Release|x86.Build.0 = Release|Any CPU
	EndGlobalSection
	GlobalSection(SolutionProperties) = preSolution
		HideSolutionNode = FALSE
	EndGlobalSection
	GlobalSection(ExtensibilityGlobals) = postSolution
		EnterpriseLibraryConfigurationToolBinariesPathV6 = packages\EnterpriseLibrary.TransientFaultHandling.6.0.1304.0\lib\portable-net45+win+wp8;packages\EnterpriseLibrary.TransientFaultHandling.Data.6.0.1304.1\lib\NET45
	EndGlobalSection
EndGlobal
