
Microsoft Visual Studio Solution File, Format Version 12.00
# Visual Studio 2012
Project("{FAE04EC0-301F-11D3-BF4B-00C04F79EFBC}") = "Resize", "Resize\Resize.csproj", "{AF1F1607-E776-47FC-8CBD-748B78B5B698}"
EndProject
Global
	GlobalSection(SolutionConfigurationPlatforms) = preSolution
		Debug|Any CPU = Debug|Any CPU
		Release|Any CPU = Release|Any CPU
	EndGlobalSection
	GlobalSection(ProjectConfigurationPlatforms) = postSolution
		{AF1F1607-E776-47FC-8CBD-748B78B5B698}.Debug|Any CPU.ActiveCfg = Debug|Any CPU
		{AF1F1607-E776-47FC-8CBD-748B78B5B698}.Debug|Any CPU.Build.0 = Debug|Any CPU
		{AF1F1607-E776-47FC-8CBD-748B78B5B698}.Release|Any CPU.ActiveCfg = Release|Any CPU
		{AF1F1607-E776-47FC-8CBD-748B78B5B698}.Release|Any CPU.Build.0 = Release|Any CPU
	EndGlobalSection
	GlobalSection(SolutionProperties) = preSolution
		HideSolutionNode = FALSE
	EndGlobalSection
EndGlobal
