
Microsoft Visual Studio Solution File, Format Version 12.00
# Visual Studio 2013
VisualStudioVersion = 12.0.31101.0
MinimumVisualStudioVersion = 10.0.40219.1
Project("{FAE04EC0-301F-11D3-BF4B-00C04F79EFBC}") = "Image Separate", "Image Separate\Image Separate.csproj", "{1D9D9A9D-931A-436C-A8A5-55F99AAE95FB}"
EndProject
Global
	GlobalSection(SolutionConfigurationPlatforms) = preSolution
		Debug|Any CPU = Debug|Any CPU
		Release|Any CPU = Release|Any CPU
	EndGlobalSection
	GlobalSection(ProjectConfigurationPlatforms) = postSolution
		{1D9D9A9D-931A-436C-A8A5-55F99AAE95FB}.Debug|Any CPU.ActiveCfg = Debug|Any CPU
		{1D9D9A9D-931A-436C-A8A5-55F99AAE95FB}.Debug|Any CPU.Build.0 = Debug|Any CPU
		{1D9D9A9D-931A-436C-A8A5-55F99AAE95FB}.Release|Any CPU.ActiveCfg = Release|Any CPU
		{1D9D9A9D-931A-436C-A8A5-55F99AAE95FB}.Release|Any CPU.Build.0 = Release|Any CPU
	EndGlobalSection
	GlobalSection(SolutionProperties) = preSolution
		HideSolutionNode = FALSE
	EndGlobalSection
EndGlobal
